
Microsoft Visual Studio Solution File, Format Version 12.00
# Visual Studio 15
VisualStudioVersion = 15.0.28010.2026
MinimumVisualStudioVersion = 10.0.40219.1
Project("{9A19103F-16F7-4668-BE54-9A1E7A4F7556}") = "R5.FFDB.CLI", "R5.FFDB.CLI\R5.FFDB.CLI.csproj", "{7A116E74-720F-4550-A73D-FE4110D061E0}"
EndProject
Project("{9A19103F-16F7-4668-BE54-9A1E7A4F7556}") = "R5.FFDB.Core", "R5.FFDB.Core\R5.FFDB.Core.csproj", "{2DB3B9FC-7909-4A50-A5B3-FE2ED80F7780}"
EndProject
Project("{9A19103F-16F7-4668-BE54-9A1E7A4F7556}") = "R5.FFDB.Engine", "R5.FFDB.Engine\R5.FFDB.Engine.csproj", "{57C0892B-4267-4CC1-90A9-C98E3F1E1B97}"
EndProject
Project("{9A19103F-16F7-4668-BE54-9A1E7A4F7556}") = "R5.FFDB.Components", "R5.FFDB.Components\R5.FFDB.Components.csproj", "{2D1FFF97-6C82-4D6D-873A-09D8A2192558}"
EndProject
Project("{9A19103F-16F7-4668-BE54-9A1E7A4F7556}") = "DevTester", "DevTester\DevTester.csproj", "{021D3D4F-DA9D-4953-B040-43A77E3FF198}"
EndProject
Project("{2150E333-8FDC-42A3-9474-1A3956D46DE8}") = "DatabaseProviders", "DatabaseProviders", "{D8EB869E-CFF0-434C-87C3-F06F1400070B}"
EndProject
Project("{9A19103F-16F7-4668-BE54-9A1E7A4F7556}") = "R5.FFDB.DbProviders.Mongo", "DatabaseProviders\R5.FFDB.DbProviders.Mongo\R5.FFDB.DbProviders.Mongo.csproj", "{1EF20706-D610-4D34-A5B9-F504BF57CA6C}"
EndProject
Project("{9A19103F-16F7-4668-BE54-9A1E7A4F7556}") = "R5.FFDB.DbProviders.PostgreSql", "DatabaseProviders\R5.FFDB.DbProviders.PostgreSql\R5.FFDB.DbProviders.PostgreSql.csproj", "{79B18893-A4B2-4923-B5C0-2DAAA6A9EA50}"
EndProject
Project("{9A19103F-16F7-4668-BE54-9A1E7A4F7556}") = "R5.FFDB.CLI.Tests", "R5.FFDB.CLI.Tests\R5.FFDB.CLI.Tests.csproj", "{25705406-0533-4F4C-BEB0-6ECC2649B519}"
EndProject
Project("{FAE04EC0-301F-11D3-BF4B-00C04F79EFBC}") = "R5.FFDB.Components.Tests", "R5.FFDB.Components.Tests\R5.FFDB.Components.Tests.csproj", "{C0AA7917-5035-4936-9827-A1E36DE067CE}"
EndProject
Global
	GlobalSection(SolutionConfigurationPlatforms) = preSolution
		Debug|Any CPU = Debug|Any CPU
		Release|Any CPU = Release|Any CPU
	EndGlobalSection
	GlobalSection(ProjectConfigurationPlatforms) = postSolution
		{7A116E74-720F-4550-A73D-FE4110D061E0}.Debug|Any CPU.ActiveCfg = Debug|Any CPU
		{7A116E74-720F-4550-A73D-FE4110D061E0}.Debug|Any CPU.Build.0 = Debug|Any CPU
		{7A116E74-720F-4550-A73D-FE4110D061E0}.Release|Any CPU.ActiveCfg = Release|Any CPU
		{7A116E74-720F-4550-A73D-FE4110D061E0}.Release|Any CPU.Build.0 = Release|Any CPU
		{2DB3B9FC-7909-4A50-A5B3-FE2ED80F7780}.Debug|Any CPU.ActiveCfg = Debug|Any CPU
		{2DB3B9FC-7909-4A50-A5B3-FE2ED80F7780}.Debug|Any CPU.Build.0 = Debug|Any CPU
		{2DB3B9FC-7909-4A50-A5B3-FE2ED80F7780}.Release|Any CPU.ActiveCfg = Release|Any CPU
		{2DB3B9FC-7909-4A50-A5B3-FE2ED80F7780}.Release|Any CPU.Build.0 = Release|Any CPU
		{57C0892B-4267-4CC1-90A9-C98E3F1E1B97}.Debug|Any CPU.ActiveCfg = Debug|Any CPU
		{57C0892B-4267-4CC1-90A9-C98E3F1E1B97}.Debug|Any CPU.Build.0 = Debug|Any CPU
		{57C0892B-4267-4CC1-90A9-C98E3F1E1B97}.Release|Any CPU.ActiveCfg = Release|Any CPU
		{57C0892B-4267-4CC1-90A9-C98E3F1E1B97}.Release|Any CPU.Build.0 = Release|Any CPU
		{2D1FFF97-6C82-4D6D-873A-09D8A2192558}.Debug|Any CPU.ActiveCfg = Debug|Any CPU
		{2D1FFF97-6C82-4D6D-873A-09D8A2192558}.Debug|Any CPU.Build.0 = Debug|Any CPU
		{2D1FFF97-6C82-4D6D-873A-09D8A2192558}.Release|Any CPU.ActiveCfg = Release|Any CPU
		{2D1FFF97-6C82-4D6D-873A-09D8A2192558}.Release|Any CPU.Build.0 = Release|Any CPU
		{021D3D4F-DA9D-4953-B040-43A77E3FF198}.Debug|Any CPU.ActiveCfg = Debug|Any CPU
		{021D3D4F-DA9D-4953-B040-43A77E3FF198}.Debug|Any CPU.Build.0 = Debug|Any CPU
		{021D3D4F-DA9D-4953-B040-43A77E3FF198}.Release|Any CPU.ActiveCfg = Release|Any CPU
		{021D3D4F-DA9D-4953-B040-43A77E3FF198}.Release|Any CPU.Build.0 = Release|Any CPU
		{1EF20706-D610-4D34-A5B9-F504BF57CA6C}.Debug|Any CPU.ActiveCfg = Debug|Any CPU
		{1EF20706-D610-4D34-A5B9-F504BF57CA6C}.Debug|Any CPU.Build.0 = Debug|Any CPU
		{1EF20706-D610-4D34-A5B9-F504BF57CA6C}.Release|Any CPU.ActiveCfg = Release|Any CPU
		{1EF20706-D610-4D34-A5B9-F504BF57CA6C}.Release|Any CPU.Build.0 = Release|Any CPU
		{79B18893-A4B2-4923-B5C0-2DAAA6A9EA50}.Debug|Any CPU.ActiveCfg = Debug|Any CPU
		{79B18893-A4B2-4923-B5C0-2DAAA6A9EA50}.Debug|Any CPU.Build.0 = Debug|Any CPU
		{79B18893-A4B2-4923-B5C0-2DAAA6A9EA50}.Release|Any CPU.ActiveCfg = Release|Any CPU
		{79B18893-A4B2-4923-B5C0-2DAAA6A9EA50}.Release|Any CPU.Build.0 = Release|Any CPU
		{25705406-0533-4F4C-BEB0-6ECC2649B519}.Debug|Any CPU.ActiveCfg = Debug|Any CPU
		{25705406-0533-4F4C-BEB0-6ECC2649B519}.Debug|Any CPU.Build.0 = Debug|Any CPU
		{25705406-0533-4F4C-BEB0-6ECC2649B519}.Release|Any CPU.ActiveCfg = Release|Any CPU
		{25705406-0533-4F4C-BEB0-6ECC2649B519}.Release|Any CPU.Build.0 = Release|Any CPU
		{C0AA7917-5035-4936-9827-A1E36DE067CE}.Debug|Any CPU.ActiveCfg = Debug|Any CPU
		{C0AA7917-5035-4936-9827-A1E36DE067CE}.Debug|Any CPU.Build.0 = Debug|Any CPU
		{C0AA7917-5035-4936-9827-A1E36DE067CE}.Release|Any CPU.ActiveCfg = Release|Any CPU
		{C0AA7917-5035-4936-9827-A1E36DE067CE}.Release|Any CPU.Build.0 = Release|Any CPU
	EndGlobalSection
	GlobalSection(SolutionProperties) = preSolution
		HideSolutionNode = FALSE
	EndGlobalSection
	GlobalSection(NestedProjects) = preSolution
		{1EF20706-D610-4D34-A5B9-F504BF57CA6C} = {D8EB869E-CFF0-434C-87C3-F06F1400070B}
		{79B18893-A4B2-4923-B5C0-2DAAA6A9EA50} = {D8EB869E-CFF0-434C-87C3-F06F1400070B}
	EndGlobalSection
	GlobalSection(ExtensibilityGlobals) = postSolution
		SolutionGuid = {2BAF5E7F-EB9F-4D18-93CA-91644AE0282C}
	EndGlobalSection
EndGlobal
