
Microsoft Visual Studio Solution File, Format Version 12.00
# Visual Studio 15
VisualStudioVersion = 15.0.28010.2026
MinimumVisualStudioVersion = 10.0.40219.1
Project("{9A19103F-16F7-4668-BE54-9A1E7A4F7556}") = "R5.FFDB.CLI", "CLI\R5.FFDB.CLI\R5.FFDB.CLI.csproj", "{7A116E74-720F-4550-A73D-FE4110D061E0}"
EndProject
Project("{9A19103F-16F7-4668-BE54-9A1E7A4F7556}") = "R5.FFDB.Core", "Engine\R5.FFDB.Core\R5.FFDB.Core.csproj", "{2DB3B9FC-7909-4A50-A5B3-FE2ED80F7780}"
EndProject
Project("{9A19103F-16F7-4668-BE54-9A1E7A4F7556}") = "R5.FFDB.Engine", "Engine\R5.FFDB.Engine\R5.FFDB.Engine.csproj", "{57C0892B-4267-4CC1-90A9-C98E3F1E1B97}"
EndProject
Project("{9A19103F-16F7-4668-BE54-9A1E7A4F7556}") = "R5.FFDB.Components", "Engine\R5.FFDB.Components\R5.FFDB.Components.csproj", "{2D1FFF97-6C82-4D6D-873A-09D8A2192558}"
EndProject
Project("{9A19103F-16F7-4668-BE54-9A1E7A4F7556}") = "DevTester", "DevTester\DevTester.csproj", "{021D3D4F-DA9D-4953-B040-43A77E3FF198}"
EndProject
Project("{2150E333-8FDC-42A3-9474-1A3956D46DE8}") = "DatabaseProviders", "DatabaseProviders", "{D8EB869E-CFF0-434C-87C3-F06F1400070B}"
EndProject
Project("{9A19103F-16F7-4668-BE54-9A1E7A4F7556}") = "R5.FFDB.DbProviders.Mongo", "DatabaseProviders\R5.FFDB.DbProviders.Mongo\R5.FFDB.DbProviders.Mongo.csproj", "{1EF20706-D610-4D34-A5B9-F504BF57CA6C}"
EndProject
Project("{9A19103F-16F7-4668-BE54-9A1E7A4F7556}") = "R5.FFDB.DbProviders.PostgreSql", "DatabaseProviders\R5.FFDB.DbProviders.PostgreSql\R5.FFDB.DbProviders.PostgreSql.csproj", "{79B18893-A4B2-4923-B5C0-2DAAA6A9EA50}"
EndProject
Project("{9A19103F-16F7-4668-BE54-9A1E7A4F7556}") = "R5.FFDB.CLI.Tests", "CLI\R5.FFDB.CLI.Tests\R5.FFDB.CLI.Tests.csproj", "{25705406-0533-4F4C-BEB0-6ECC2649B519}"
EndProject
Project("{9A19103F-16F7-4668-BE54-9A1E7A4F7556}") = "R5.Internals.PostgresMapper", "R5.Internals\R5.PostgresMapper\R5.Internals.PostgresMapper.csproj", "{36FF341C-788C-4723-A1D5-0007EAF43D88}"
EndProject
Project("{2150E333-8FDC-42A3-9474-1A3956D46DE8}") = "R5.Internals", "R5.Internals", "{7C16622C-1649-42BE-819C-2311FA9724A1}"
EndProject
Project("{2150E333-8FDC-42A3-9474-1A3956D46DE8}") = "Engine", "Engine", "{3364AD74-D703-41FF-92F9-1C00E4749045}"
EndProject
Project("{9A19103F-16F7-4668-BE54-9A1E7A4F7556}") = "R5.Internals.Caching", "R5.Internals\R5.Internals.Caching\R5.Internals.Caching.csproj", "{6239A587-6127-41D5-83B2-D48A01986792}"
EndProject
Project("{2150E333-8FDC-42A3-9474-1A3956D46DE8}") = "Tests", "Tests", "{54D3B8B2-23C4-4C27-9DF3-1D0D85C8B12B}"
EndProject
Project("{9A19103F-16F7-4668-BE54-9A1E7A4F7556}") = "R5.Internals.Caching.Tests", "R5.Internals\Tests\R5.Internals.Caching.Tests\R5.Internals.Caching.Tests.csproj", "{83337B18-7773-42F8-9B34-1AE964AE4A4E}"
EndProject
Project("{9A19103F-16F7-4668-BE54-9A1E7A4F7556}") = "R5.Internals.Abstractions", "R5.Internals\R5.Internals.Abstractions\R5.Internals.Abstractions.csproj", "{01006BB7-9DDD-4F75-BB2F-6FF422040669}"
EndProject
Project("{9A19103F-16F7-4668-BE54-9A1E7A4F7556}") = "R5.Internals.Extensions", "R5.Internals\R5.Internals.Extensions\R5.Internals.Extensions.csproj", "{17B52ACB-739C-4B20-9680-306F5552BB6C}"
EndProject
Project("{2150E333-8FDC-42A3-9474-1A3956D46DE8}") = "CLI", "CLI", "{BEE84D90-7713-49FE-A096-5EC7F260CCE5}"
EndProject
Project("{9A19103F-16F7-4668-BE54-9A1E7A4F7556}") = "R5.Internals.PostgresMapper.Tests", "R5.Internals\Tests\R5.Internals.PostgresMapper.Tests\R5.Internals.PostgresMapper.Tests.csproj", "{BE2C19EF-2FA1-46EE-8185-4CD1930ECFE8}"
EndProject
Project("{2150E333-8FDC-42A3-9474-1A3956D46DE8}") = "Solution Items", "Solution Items", "{1028CD87-3D5A-4B3F-8A6E-9B5335E5638E}"
	ProjectSection(SolutionItems) = preProject
		.editorconfig = .editorconfig
		.gitignore = .gitignore
		LICENSE = LICENSE
		README.md = README.md
	EndProjectSection
EndProject
Global
	GlobalSection(SolutionConfigurationPlatforms) = preSolution
		Debug|Any CPU = Debug|Any CPU
		Release|Any CPU = Release|Any CPU
		Test|Any CPU = Test|Any CPU
	EndGlobalSection
	GlobalSection(ProjectConfigurationPlatforms) = postSolution
		{7A116E74-720F-4550-A73D-FE4110D061E0}.Debug|Any CPU.ActiveCfg = Debug|Any CPU
		{7A116E74-720F-4550-A73D-FE4110D061E0}.Debug|Any CPU.Build.0 = Debug|Any CPU
		{7A116E74-720F-4550-A73D-FE4110D061E0}.Release|Any CPU.ActiveCfg = Release|Any CPU
		{7A116E74-720F-4550-A73D-FE4110D061E0}.Release|Any CPU.Build.0 = Release|Any CPU
		{7A116E74-720F-4550-A73D-FE4110D061E0}.Test|Any CPU.ActiveCfg = Release|Any CPU
		{7A116E74-720F-4550-A73D-FE4110D061E0}.Test|Any CPU.Build.0 = Release|Any CPU
		{2DB3B9FC-7909-4A50-A5B3-FE2ED80F7780}.Debug|Any CPU.ActiveCfg = Debug|Any CPU
		{2DB3B9FC-7909-4A50-A5B3-FE2ED80F7780}.Debug|Any CPU.Build.0 = Debug|Any CPU
		{2DB3B9FC-7909-4A50-A5B3-FE2ED80F7780}.Release|Any CPU.ActiveCfg = Release|Any CPU
		{2DB3B9FC-7909-4A50-A5B3-FE2ED80F7780}.Release|Any CPU.Build.0 = Release|Any CPU
		{2DB3B9FC-7909-4A50-A5B3-FE2ED80F7780}.Test|Any CPU.ActiveCfg = Release|Any CPU
		{2DB3B9FC-7909-4A50-A5B3-FE2ED80F7780}.Test|Any CPU.Build.0 = Release|Any CPU
		{57C0892B-4267-4CC1-90A9-C98E3F1E1B97}.Debug|Any CPU.ActiveCfg = Debug|Any CPU
		{57C0892B-4267-4CC1-90A9-C98E3F1E1B97}.Debug|Any CPU.Build.0 = Debug|Any CPU
		{57C0892B-4267-4CC1-90A9-C98E3F1E1B97}.Release|Any CPU.ActiveCfg = Release|Any CPU
		{57C0892B-4267-4CC1-90A9-C98E3F1E1B97}.Release|Any CPU.Build.0 = Release|Any CPU
		{57C0892B-4267-4CC1-90A9-C98E3F1E1B97}.Test|Any CPU.ActiveCfg = Release|Any CPU
		{57C0892B-4267-4CC1-90A9-C98E3F1E1B97}.Test|Any CPU.Build.0 = Release|Any CPU
		{2D1FFF97-6C82-4D6D-873A-09D8A2192558}.Debug|Any CPU.ActiveCfg = Debug|Any CPU
		{2D1FFF97-6C82-4D6D-873A-09D8A2192558}.Debug|Any CPU.Build.0 = Debug|Any CPU
		{2D1FFF97-6C82-4D6D-873A-09D8A2192558}.Release|Any CPU.ActiveCfg = Release|Any CPU
		{2D1FFF97-6C82-4D6D-873A-09D8A2192558}.Release|Any CPU.Build.0 = Release|Any CPU
		{2D1FFF97-6C82-4D6D-873A-09D8A2192558}.Test|Any CPU.ActiveCfg = Release|Any CPU
		{2D1FFF97-6C82-4D6D-873A-09D8A2192558}.Test|Any CPU.Build.0 = Release|Any CPU
		{021D3D4F-DA9D-4953-B040-43A77E3FF198}.Debug|Any CPU.ActiveCfg = Debug|Any CPU
		{021D3D4F-DA9D-4953-B040-43A77E3FF198}.Debug|Any CPU.Build.0 = Debug|Any CPU
		{021D3D4F-DA9D-4953-B040-43A77E3FF198}.Release|Any CPU.ActiveCfg = Release|Any CPU
		{021D3D4F-DA9D-4953-B040-43A77E3FF198}.Release|Any CPU.Build.0 = Release|Any CPU
		{021D3D4F-DA9D-4953-B040-43A77E3FF198}.Test|Any CPU.ActiveCfg = Release|Any CPU
		{021D3D4F-DA9D-4953-B040-43A77E3FF198}.Test|Any CPU.Build.0 = Release|Any CPU
		{1EF20706-D610-4D34-A5B9-F504BF57CA6C}.Debug|Any CPU.ActiveCfg = Debug|Any CPU
		{1EF20706-D610-4D34-A5B9-F504BF57CA6C}.Debug|Any CPU.Build.0 = Debug|Any CPU
		{1EF20706-D610-4D34-A5B9-F504BF57CA6C}.Release|Any CPU.ActiveCfg = Release|Any CPU
		{1EF20706-D610-4D34-A5B9-F504BF57CA6C}.Release|Any CPU.Build.0 = Release|Any CPU
		{1EF20706-D610-4D34-A5B9-F504BF57CA6C}.Test|Any CPU.ActiveCfg = Release|Any CPU
		{1EF20706-D610-4D34-A5B9-F504BF57CA6C}.Test|Any CPU.Build.0 = Release|Any CPU
		{79B18893-A4B2-4923-B5C0-2DAAA6A9EA50}.Debug|Any CPU.ActiveCfg = Debug|Any CPU
		{79B18893-A4B2-4923-B5C0-2DAAA6A9EA50}.Debug|Any CPU.Build.0 = Debug|Any CPU
		{79B18893-A4B2-4923-B5C0-2DAAA6A9EA50}.Release|Any CPU.ActiveCfg = Release|Any CPU
		{79B18893-A4B2-4923-B5C0-2DAAA6A9EA50}.Release|Any CPU.Build.0 = Release|Any CPU
		{79B18893-A4B2-4923-B5C0-2DAAA6A9EA50}.Test|Any CPU.ActiveCfg = Release|Any CPU
		{79B18893-A4B2-4923-B5C0-2DAAA6A9EA50}.Test|Any CPU.Build.0 = Release|Any CPU
		{25705406-0533-4F4C-BEB0-6ECC2649B519}.Debug|Any CPU.ActiveCfg = Debug|Any CPU
		{25705406-0533-4F4C-BEB0-6ECC2649B519}.Debug|Any CPU.Build.0 = Debug|Any CPU
		{25705406-0533-4F4C-BEB0-6ECC2649B519}.Release|Any CPU.ActiveCfg = Release|Any CPU
		{25705406-0533-4F4C-BEB0-6ECC2649B519}.Release|Any CPU.Build.0 = Release|Any CPU
		{25705406-0533-4F4C-BEB0-6ECC2649B519}.Test|Any CPU.ActiveCfg = Test|Any CPU
		{25705406-0533-4F4C-BEB0-6ECC2649B519}.Test|Any CPU.Build.0 = Test|Any CPU
		{36FF341C-788C-4723-A1D5-0007EAF43D88}.Debug|Any CPU.ActiveCfg = Debug|Any CPU
		{36FF341C-788C-4723-A1D5-0007EAF43D88}.Debug|Any CPU.Build.0 = Debug|Any CPU
		{36FF341C-788C-4723-A1D5-0007EAF43D88}.Release|Any CPU.ActiveCfg = Release|Any CPU
		{36FF341C-788C-4723-A1D5-0007EAF43D88}.Release|Any CPU.Build.0 = Release|Any CPU
		{36FF341C-788C-4723-A1D5-0007EAF43D88}.Test|Any CPU.ActiveCfg = Release|Any CPU
		{36FF341C-788C-4723-A1D5-0007EAF43D88}.Test|Any CPU.Build.0 = Release|Any CPU
		{6239A587-6127-41D5-83B2-D48A01986792}.Debug|Any CPU.ActiveCfg = Debug|Any CPU
		{6239A587-6127-41D5-83B2-D48A01986792}.Debug|Any CPU.Build.0 = Debug|Any CPU
		{6239A587-6127-41D5-83B2-D48A01986792}.Release|Any CPU.ActiveCfg = Release|Any CPU
		{6239A587-6127-41D5-83B2-D48A01986792}.Release|Any CPU.Build.0 = Release|Any CPU
		{6239A587-6127-41D5-83B2-D48A01986792}.Test|Any CPU.ActiveCfg = Debug|Any CPU
		{6239A587-6127-41D5-83B2-D48A01986792}.Test|Any CPU.Build.0 = Debug|Any CPU
		{83337B18-7773-42F8-9B34-1AE964AE4A4E}.Debug|Any CPU.ActiveCfg = Debug|Any CPU
		{83337B18-7773-42F8-9B34-1AE964AE4A4E}.Debug|Any CPU.Build.0 = Debug|Any CPU
		{83337B18-7773-42F8-9B34-1AE964AE4A4E}.Release|Any CPU.ActiveCfg = Release|Any CPU
		{83337B18-7773-42F8-9B34-1AE964AE4A4E}.Release|Any CPU.Build.0 = Release|Any CPU
		{83337B18-7773-42F8-9B34-1AE964AE4A4E}.Test|Any CPU.ActiveCfg = Debug|Any CPU
		{83337B18-7773-42F8-9B34-1AE964AE4A4E}.Test|Any CPU.Build.0 = Debug|Any CPU
		{01006BB7-9DDD-4F75-BB2F-6FF422040669}.Debug|Any CPU.ActiveCfg = Debug|Any CPU
		{01006BB7-9DDD-4F75-BB2F-6FF422040669}.Debug|Any CPU.Build.0 = Debug|Any CPU
		{01006BB7-9DDD-4F75-BB2F-6FF422040669}.Release|Any CPU.ActiveCfg = Release|Any CPU
		{01006BB7-9DDD-4F75-BB2F-6FF422040669}.Release|Any CPU.Build.0 = Release|Any CPU
		{01006BB7-9DDD-4F75-BB2F-6FF422040669}.Test|Any CPU.ActiveCfg = Debug|Any CPU
		{01006BB7-9DDD-4F75-BB2F-6FF422040669}.Test|Any CPU.Build.0 = Debug|Any CPU
		{17B52ACB-739C-4B20-9680-306F5552BB6C}.Debug|Any CPU.ActiveCfg = Debug|Any CPU
		{17B52ACB-739C-4B20-9680-306F5552BB6C}.Debug|Any CPU.Build.0 = Debug|Any CPU
		{17B52ACB-739C-4B20-9680-306F5552BB6C}.Release|Any CPU.ActiveCfg = Release|Any CPU
		{17B52ACB-739C-4B20-9680-306F5552BB6C}.Release|Any CPU.Build.0 = Release|Any CPU
		{17B52ACB-739C-4B20-9680-306F5552BB6C}.Test|Any CPU.ActiveCfg = Debug|Any CPU
		{17B52ACB-739C-4B20-9680-306F5552BB6C}.Test|Any CPU.Build.0 = Debug|Any CPU
		{BE2C19EF-2FA1-46EE-8185-4CD1930ECFE8}.Debug|Any CPU.ActiveCfg = Debug|Any CPU
		{BE2C19EF-2FA1-46EE-8185-4CD1930ECFE8}.Debug|Any CPU.Build.0 = Debug|Any CPU
		{BE2C19EF-2FA1-46EE-8185-4CD1930ECFE8}.Release|Any CPU.ActiveCfg = Release|Any CPU
		{BE2C19EF-2FA1-46EE-8185-4CD1930ECFE8}.Release|Any CPU.Build.0 = Release|Any CPU
		{BE2C19EF-2FA1-46EE-8185-4CD1930ECFE8}.Test|Any CPU.ActiveCfg = Debug|Any CPU
		{BE2C19EF-2FA1-46EE-8185-4CD1930ECFE8}.Test|Any CPU.Build.0 = Debug|Any CPU
	EndGlobalSection
	GlobalSection(SolutionProperties) = preSolution
		HideSolutionNode = FALSE
	EndGlobalSection
	GlobalSection(NestedProjects) = preSolution
		{7A116E74-720F-4550-A73D-FE4110D061E0} = {BEE84D90-7713-49FE-A096-5EC7F260CCE5}
		{2DB3B9FC-7909-4A50-A5B3-FE2ED80F7780} = {3364AD74-D703-41FF-92F9-1C00E4749045}
		{57C0892B-4267-4CC1-90A9-C98E3F1E1B97} = {3364AD74-D703-41FF-92F9-1C00E4749045}
		{2D1FFF97-6C82-4D6D-873A-09D8A2192558} = {3364AD74-D703-41FF-92F9-1C00E4749045}
		{1EF20706-D610-4D34-A5B9-F504BF57CA6C} = {D8EB869E-CFF0-434C-87C3-F06F1400070B}
		{79B18893-A4B2-4923-B5C0-2DAAA6A9EA50} = {D8EB869E-CFF0-434C-87C3-F06F1400070B}
		{25705406-0533-4F4C-BEB0-6ECC2649B519} = {BEE84D90-7713-49FE-A096-5EC7F260CCE5}
		{36FF341C-788C-4723-A1D5-0007EAF43D88} = {7C16622C-1649-42BE-819C-2311FA9724A1}
		{6239A587-6127-41D5-83B2-D48A01986792} = {7C16622C-1649-42BE-819C-2311FA9724A1}
		{54D3B8B2-23C4-4C27-9DF3-1D0D85C8B12B} = {7C16622C-1649-42BE-819C-2311FA9724A1}
		{83337B18-7773-42F8-9B34-1AE964AE4A4E} = {54D3B8B2-23C4-4C27-9DF3-1D0D85C8B12B}
		{01006BB7-9DDD-4F75-BB2F-6FF422040669} = {7C16622C-1649-42BE-819C-2311FA9724A1}
		{17B52ACB-739C-4B20-9680-306F5552BB6C} = {7C16622C-1649-42BE-819C-2311FA9724A1}
		{BE2C19EF-2FA1-46EE-8185-4CD1930ECFE8} = {54D3B8B2-23C4-4C27-9DF3-1D0D85C8B12B}
	EndGlobalSection
	GlobalSection(ExtensibilityGlobals) = postSolution
		SolutionGuid = {2BAF5E7F-EB9F-4D18-93CA-91644AE0282C}
	EndGlobalSection
EndGlobal
